github.com/360EntSecGroup-Skylar/excelize v1.3.0 h1:Uc23KAK2swCImDQ0Nrmu+j5P1kIZPxz9kl6zEWsZq04=
github.com/360EntSecGroup-Skylar/excelize v1.3.0/go.mod h1:R8KYLmGns0vDPe6/HyphW0mzW+MFexlGDafU0ykVEnU=
github.com/Luxurioust/excelize v1.3.0 h1:LRSMbxNb2zl/aG85LVr3PXpi//AwAibZrYiAOF5rU9k=
github.com/Luxurioust/excelize v1.3.0/go.mod h1:er5iNcSmVmDJ+OLia+8vCWjgNgH2JCjeZab5JiKBoSY=
github.com/axgle/mahonia v0.0.0-20180208002826-3358181d7394 h1:OYA+5W64v3OgClL+IrOD63t4i/RW7RqrAVl9LTZ9UqQ=
github.com/axgle/mahonia v0.0.0-20180208002826-3358181d7394/go.mod h1:Q8n74mJTIgjX4RBBcHnJ05h//6/k6foqmgE45jTQtxg=
github.com/mohae/deepcopy v0.0.0-20170929034955-c48cc78d4826 h1:RWengNIwukTxcDr9M+97sNutRR1RKhG96O6jWumTTnw=
github.com/mohae/deepcopy v0.0.0-20170929034955-c48cc78d4826/go.mod h1:TaXosZuwdSHYgviHp1DAtfrULt5eUgsSMsZf+YrPgl8=
